
Microsoft Visual Studio Solution File, Format Version 12.00
# Visual Studio 2013
VisualStudioVersion = 12.0.40629.0
MinimumVisualStudioVersion = 10.0.40219.1
Project("{8BC9CEB8-8B4A-11D0-8D11-00A0C91BC942}") = "MK90BTL", "MK90BTL-VS2013.vcxproj", "{7A14B907-6514-4C93-A39F-B08F107F6533}"
EndProject
Global
	GlobalSection(SolutionConfigurationPlatforms) = preSolution
		Debug|Win32 = Debug|Win32
		Product|Win32 = Product|Win32
		Release|Win32 = Release|Win32
	EndGlobalSection
	GlobalSection(ProjectConfigurationPlatforms) = postSolution
		{7A14B907-6514-4C93-A39F-B08F107F6533}.Debug|Win32.ActiveCfg = Debug|Win32
		{7A14B907-6514-4C93-A39F-B08F107F6533}.Debug|Win32.Build.0 = Debug|Win32
		{7A14B907-6514-4C93-A39F-B08F107F6533}.Product|Win32.ActiveCfg = Product|Win32
		{7A14B907-6514-4C93-A39F-B08F107F6533}.Product|Win32.Build.0 = Product|Win32
		{7A14B907-6514-4C93-A39F-B08F107F6533}.Release|Win32.ActiveCfg = Release|Win32
		{7A14B907-6514-4C93-A39F-B08F107F6533}.Release|Win32.Build.0 = Release|Win32
	EndGlobalSection
	GlobalSection(SolutionProperties) = preSolution
		HideSolutionNode = FALSE
	EndGlobalSection
EndGlobal
